{
  "nodes": {
    "d2b-client-toolkit": {
      "inputs": {
        "d2b-src": "d2b-src",
        "nixpkgs": [
          "nixpkgs"
        ]
      },
      "locked": {
        "lastModified": 1784244602,
        "narHash": "sha256-VwewfNdq+xQ+mmM3OHyr5spsOMMnT3SOwevv7DTeXmc=",
        "owner": "vicondoa",
        "repo": "d2b-toolkit",
        "rev": "d1c136a4ad68d53674b4a87bd3d5d4664e14214d",
        "type": "github"
      },
      "original": {
        "owner": "vicondoa",
        "repo": "d2b-toolkit",
        "rev": "d1c136a4ad68d53674b4a87bd3d5d4664e14214d",
        "type": "github"
      }
    },
    "d2b-src": {
      "flake": false,
      "locked": {
        "lastModified": 1784181052,
        "narHash": "sha256-w5BQevSV+fMtSbfr5dLNZ3vvV45ZZGvdzA1Hx9zpn1A=",
        "owner": "vicondoa",
        "repo": "d2b",
        "rev": "7e94327951d30913a1a6e0e7a47d4a24b462deff",
        "type": "github"
      },
      "original": {
        "owner": "vicondoa",
        "repo": "d2b",
        "rev": "7e94327951d30913a1a6e0e7a47d4a24b462deff",
        "type": "github"
      }
    },
    "nixpkgs": {
      "locked": {
        "lastModified": 1781074563,
        "narHash": "sha256-md8WlXOlfnIeHeOScMTTHFyf2d6iaTwPl2apR5EQ3P4=",
        "owner": "NixOS",
        "repo": "nixpkgs",
        "rev": "9ae611a455b90cf061d8f332b977e387bda8e1ca",
        "type": "github"
      },
      "original": {
        "owner": "NixOS",
        "ref": "nixos-unstable",
        "repo": "nixpkgs",
        "type": "github"
      }
    },
    "root": {
      "inputs": {
        "d2b-client-toolkit": "d2b-client-toolkit",
        "nixpkgs": "nixpkgs"
      }
    }
  },
  "root": "root",
  "version": 7
}
