{
  "nodes": {
    "d2b-toolkit": {
      "inputs": {
        "nixpkgs": [
          "nixpkgs"
        ]
      },
      "locked": {
        "lastModified": 1783277715,
        "narHash": "sha256-DdT/YuJqp2aR3I7ZxrwxqnkvacWdP4S7GcU9sYuGJVo=",
        "path": "/home/paydro/projects/d2b-toolkit",
        "type": "path"
      },
      "original": {
        "path": "/home/paydro/projects/d2b-toolkit",
        "type": "path"
      }
    },
    "nixpkgs": {
      "locked": {
        "lastModified": 1781074563,
        "narHash": "sha256-md8WlXOlfnIeHeOScMTTHFyf2d6iaTwPl2apR5EQ3P4=",
        "owner": "NixOS",
        "repo": "nixpkgs",
        "rev": "9ae611a455b90cf061d8f332b977e387bda8e1ca",
        "type": "github"
      },
      "original": {
        "owner": "NixOS",
        "ref": "nixos-unstable",
        "repo": "nixpkgs",
        "type": "github"
      }
    },
    "root": {
      "inputs": {
        "d2b-toolkit": "d2b-toolkit",
        "nixpkgs": "nixpkgs"
      }
    }
  },
  "root": "root",
  "version": 7
}
